{
  "requires": true,
  "lockfileVersion": 1,
  "dependencies": {
    "@accusoft/pdf-viewer": {
      "version": "3.5.135652",
      "resolved": "https://registry.npmjs.org/@accusoft/pdf-viewer/-/pdf-viewer-3.5.135652.tgz",
      "integrity": "sha512-RyvrIMa4mG6rmp7prqgsXqZutvyvdD27F4IJ/kYEfr/FZKL/W6vpoT3dBzwQuGnKwlrZIc/L87ULvmnDZ7nLVQ=="
    }
  }
}
